<Solution>
  <Folder Name="/src/">
    <Project Path="src/Harborline.Api.Contracts/Harborline.Api.Contracts.csproj" />
    <Project Path="src/Harborline.Api.Client/Harborline.Api.Client.csproj" />
    <Project Path="src/Harborline.Api.Testing/Harborline.Api.Testing.csproj" />
  </Folder>
  <Folder Name="/hosts/">
    <Project Path="hosts/Harborline.Api.MockHost/Harborline.Api.MockHost.csproj" />
  </Folder>
  <Folder Name="/tests/">
    <Project Path="tests/Harborline.Api.Tests/Harborline.Api.Tests.csproj" />
    <Project Path="packages/contracts/tests/Harborline.Contracts.Tests.csproj" />
    <Project Path="packages/foundation-localfirst/tests/Harborline.Foundation.LocalFirst.Tests.csproj" />
    <Project Path="packages/foundation-rule-engine/tests/Harborline.Foundation.RuleEngine.Tests.csproj" />
  </Folder>
  <Folder Name="/apps/">
    <Project Path="apps/node-hosting/Harborline.Api.NodeHosting.csproj" />
    <Project Path="apps/node-operator-cli/Harborline.NodeOperatorCli.csproj" />
  </Folder>
  <Folder Name="/local-node-host/">
    <Project Path="apps/local-node-host/Harborline.LocalNodeHost.csproj" />
    <Project Path="apps/local-node-host/tests/tests.csproj" />
  </Folder>
  <Folder Name="/packages/">
    <Project Path="packages/analyzers/loc-comments/Harborline.Analyzers.LocComments.csproj" />
    <Project Path="packages/analyzers/loc-unused/Harborline.Analyzers.LocUnused.csproj" />
    <Project Path="packages/analyzers/provider-neutrality/Harborline.Analyzers.ProviderNeutrality.csproj" />
    <Project Path="packages/blocks-access-grant/Harborline.Blocks.AccessGrant.csproj" />
    <Project Path="packages/blocks-assets-registry/Harborline.Blocks.Assets.Registry.csproj" />
    <Project Path="packages/blocks-banking/Harborline.Blocks.Banking.csproj" />
    <Project Path="packages/blocks-calendar/Harborline.Blocks.Calendar.csproj" />
    <Project Path="packages/blocks-docs/Harborline.Blocks.Docs.csproj" />
    <Project Path="packages/blocks-financial-ap/Harborline.Blocks.FinancialAp.csproj" />
    <Project Path="packages/blocks-financial-ar/Harborline.Blocks.FinancialAr.csproj" />
    <Project Path="packages/blocks-financial-ledger/Harborline.Blocks.FinancialLedger.csproj" />
    <Project Path="packages/blocks-financial-payments/Harborline.Blocks.FinancialPayments.csproj" />
    <Project Path="packages/blocks-financial-periods/Harborline.Blocks.FinancialPeriods.csproj" />
    <Project Path="packages/blocks-financial-subledger-projection/Harborline.Blocks.FinancialSubLedger.Projection.csproj" />
    <Project Path="packages/blocks-financial-subledger/Harborline.Blocks.FinancialSubLedger.csproj" />
    <Project Path="packages/blocks-financial-tax/Harborline.Blocks.FinancialTax.csproj" />
    <Project Path="packages/blocks-leases/Harborline.Blocks.Leases.csproj" />
    <Project Path="packages/blocks-maintenance/Harborline.Blocks.Maintenance.csproj" />
    <Project Path="packages/blocks-migration-erpnext/Harborline.Blocks.Migration.Erpnext.csproj" />
    <Project Path="packages/blocks-payroll/Harborline.Blocks.Payroll.csproj" />
    <Project Path="packages/blocks-people-foundation/Harborline.Blocks.People.Foundation.csproj" />
    <Project Path="packages/blocks-properties/Harborline.Blocks.Properties.csproj" />
    <Project Path="packages/blocks-property-equipment/Harborline.Blocks.PropertyEquipment.csproj" />
    <Project Path="packages/blocks-reports/Harborline.Blocks.Reports.csproj" />
    <Project Path="packages/blocks-workflow-interpreter/Harborline.Blocks.Workflow.Interpreter.csproj" />
    <Project Path="packages/blocks-workflow/Harborline.Blocks.Workflow.csproj" />
    <Project Path="packages/client-dotnet/Harborline.Client.csproj" />
    <Project Path="packages/contracts/Harborline.Contracts.csproj" />
    <Project Path="packages/documents-pdfsharp/Harborline.Documents.PdfSharp.csproj" />
    <Project Path="packages/federation-common/Harborline.Federation.Common.csproj" />
    <Project Path="packages/foundation-authorization/Harborline.Foundation.Authorization.csproj" />
    <Project Path="packages/foundation-capability-admission/Harborline.Foundation.CapabilityAdmission.csproj" />
    <Project Path="packages/foundation-catalog/Harborline.Foundation.Catalog.csproj" />
    <Project Path="packages/foundation-documents/Harborline.Foundation.Documents.csproj" />
    <Project Path="packages/foundation-engine-room/Harborline.Foundation.EngineRoom.csproj" />
    <Project Path="packages/foundation-events/Harborline.Foundation.Events.csproj" />
    <Project Path="packages/foundation-featuremanagement/Harborline.Foundation.FeatureManagement.csproj" />
    <Project Path="packages/foundation-forms-engine/Harborline.Foundation.Forms.Engine.csproj" />
    <Project Path="packages/foundation-forms/Harborline.Foundation.Forms.csproj" />
    <Project Path="packages/foundation-governance/Harborline.Foundation.Governance.csproj" />
    <Project Path="packages/foundation-identity-atlas/Harborline.Foundation.IdentityAtlas.csproj" />
    <Project Path="packages/foundation-import/Harborline.Foundation.Import.csproj" />
    <Project Path="packages/foundation-integrations/Harborline.Foundation.Integrations.csproj" />
    <Project Path="packages/foundation-lifecycle/Harborline.Foundation.Lifecycle.csproj" />
    <Project Path="packages/foundation-localfirst/Harborline.Foundation.LocalFirst.csproj" />
    <Project Path="packages/foundation-migration/Harborline.Foundation.Migration.csproj" />
    <Project Path="packages/foundation-mission-space-regulatory/Harborline.Foundation.MissionSpace.Regulatory.csproj" />
    <Project Path="packages/foundation-mission-space/Harborline.Foundation.MissionSpace.csproj" />
    <Project Path="packages/foundation-multitenancy/Harborline.Foundation.MultiTenancy.csproj" />
    <Project Path="packages/foundation-packs/Harborline.Foundation.Packs.csproj" />
    <Project Path="packages/foundation-password-hashing/Harborline.Foundation.PasswordHashing.csproj" />
    <Project Path="packages/foundation-persistence/Harborline.Foundation.Persistence.csproj" />
    <Project Path="packages/foundation-recovery/Harborline.Foundation.Recovery.csproj" />
    <Project Path="packages/foundation-rule-engine/Harborline.Foundation.RuleEngine.csproj" />
    <Project Path="packages/foundation-scheduling/Harborline.Foundation.Scheduling.csproj" />
    <Project Path="packages/foundation-security-policy/Harborline.Foundation.SecurityPolicy.csproj" />
    <Project Path="packages/foundation-session/Harborline.Foundation.Session.csproj" />
    <Project Path="packages/foundation-ship-common/Harborline.Foundation.Ship.Common.csproj" />
    <Project Path="packages/foundation-taxonomy/Harborline.Foundation.Taxonomy.csproj" />
    <Project Path="packages/foundation-transport/Harborline.Foundation.Transport.csproj" />
    <Project Path="packages/foundation-ui-syncstate/Harborline.Foundation.UI.SyncState.csproj" />
    <Project Path="packages/foundation-update-feed/Harborline.Foundation.UpdateFeed.csproj" />
    <Project Path="packages/foundation-versioning/Harborline.Foundation.Versioning.csproj" />
    <Project Path="packages/foundation-wayfinder/Harborline.Foundation.Wayfinder.csproj" />
    <Project Path="packages/foundation/Harborline.Foundation.csproj" />
    <Project Path="packages/kernel-audit/Harborline.Kernel.Audit.csproj" />
    <Project Path="packages/kernel-buckets/Harborline.Kernel.Buckets.csproj" />
    <Project Path="packages/kernel-crdt/Harborline.Kernel.Crdt.csproj" />
    <Project Path="packages/kernel-event-bus/Harborline.Kernel.EventBus.csproj" />
    <Project Path="packages/kernel-lease/Harborline.Kernel.Lease.csproj" />
    <Project Path="packages/kernel-ledger/Harborline.Kernel.Ledger.csproj" />
    <Project Path="packages/kernel-runtime/Harborline.Kernel.Runtime.csproj" />
    <Project Path="packages/kernel-schema-registry/Harborline.Kernel.SchemaRegistry.csproj" />
    <Project Path="packages/kernel-security/Harborline.Kernel.Security.csproj" />
    <Project Path="packages/kernel-signatures/Harborline.Kernel.Signatures.csproj" />
    <Project Path="packages/kernel-sync/Harborline.Kernel.Sync.csproj" />
    <Project Path="packages/kernel/Harborline.Kernel.csproj" />
    <Project Path="packages/ui-adapters-blazor/Harborline.UIAdapters.Blazor.csproj" />
    <Project Path="packages/ui-core/Harborline.UICore.csproj" />
  </Folder>
  <Folder Name="/tooling/">
    <Project Path="tooling/Harborline.Tooling.LocalizationXliff/Harborline.Tooling.LocalizationXliff.csproj" />
  </Folder>
</Solution>
