{
  "version": 2,
  "dependencies": {
    "net11.0": {
      "Konscious.Security.Cryptography.Argon2": {
        "type": "Direct",
        "requested": "[1.3.1, )",
        "resolved": "1.3.1",
        "contentHash": "T+OAGwzYYXftahpOxO7J4xA5K6urxwGnWQf3M+Jpi+76Azv/0T3M5SuN+h7/QvXuiqNw3ZEZ5QqVLI5ygDAylw==",
        "dependencies": {
          "Konscious.Security.Cryptography.Blake2": "1.1.1"
        }
      },
      "Microsoft.CodeAnalysis.BannedApiAnalyzers": {
        "type": "Direct",
        "requested": "[4.14.0, )",
        "resolved": "4.14.0",
        "contentHash": "gSWJlDWwmDhtbrEJGiHqvEjz9KthIiFD0qYB8zZ6a7z+xpMSPEtM9yTYELSa58iFWYlzSRqP9FXO6KoT3+ZMtg=="
      },
      "Microsoft.Extensions.DependencyInjection.Abstractions": {
        "type": "Direct",
        "requested": "[11.0.0-preview.7.26381.103, )",
        "resolved": "11.0.0-preview.7.26381.103",
        "contentHash": "PQNgwclRUW8bimfMe2AqQZjvs0cUGbY/Rut+q6Vq4ub61TwNjOmvhMULq7V6bnyhLmfpQrsZ76X5SlFH9omdSA=="
      },
      "Microsoft.Extensions.Hosting.Abstractions": {
        "type": "Direct",
        "requested": "[11.0.0-preview.7.26381.103, )",
        "resolved": "11.0.0-preview.7.26381.103",
        "contentHash": "T+Vr3chl9+zsCeIjY5Fmt3vP9xEv40gK7cf6gZdUWA05yM6l+27uzo2O0FEn6tIGfuJTaSjHQBoGodDvK7GoPA=="
      },
      "Microsoft.Extensions.Identity.Core": {
        "type": "Direct",
        "requested": "[11.0.0-preview.7.26381.103, )",
        "resolved": "11.0.0-preview.7.26381.103",
        "contentHash": "f2S+6hRPF1qeHFtKlO2qdQcBF1vmeTdEvVrWG+x95EUMgZV5VTspxVLOxlPo+7vdbofrb25QMNH9jFu0q9QDvQ==",
        "dependencies": {
          "Microsoft.AspNetCore.Cryptography.KeyDerivation": "11.0.0-preview.7.26381.103",
          "Microsoft.Extensions.Diagnostics": "11.0.0-preview.7.26381.103",
          "Microsoft.Extensions.Logging": "11.0.0-preview.7.26381.103"
        }
      },
      "Microsoft.Extensions.Options": {
        "type": "Direct",
        "requested": "[11.0.0-preview.7.26381.103, )",
        "resolved": "11.0.0-preview.7.26381.103",
        "contentHash": "AppDz9fiw1EmI7rBXv/LUsSP+nA/4+BhB6+8Fpoy8Ha4dZs3FcO5blejjD0NPggttahb8X0NDQBbJzuwK/ovnw=="
      },
      "Microsoft.VisualStudio.Threading.Analyzers": {
        "type": "Direct",
        "requested": "[17.14.15, )",
        "resolved": "17.14.15",
        "contentHash": "mXQPJsbuUD2ydq4/ffd8h8tSOFCXec+2xJOVNCvXjuMOq/+5EKHq3D2m2MC2+nUaXeFMSt66VS/J4HdKBixgcw=="
      },
      "Konscious.Security.Cryptography.Blake2": {
        "type": "Transitive",
        "resolved": "1.1.1",
        "contentHash": "odwOyzj/J/lHJZNwFWJGU/LRecBShupAJ2S8TQqZfhUe9niHzu/voBYK5wuVKsvSpzbfupKQYZguVyIk1sgOkQ=="
      },
      "Microsoft.AspNetCore.Cryptography.Internal": {
        "type": "Transitive",
        "resolved": "11.0.0-preview.7.26381.103",
        "contentHash": "wfer/IbUkHb8ueWdRBJNzIgK/MjuhW8MJ+OHiOY6k554wCOXy2pWB3YXMrQXMDFWZQ09aYQQmqWBkAlvqkKkKQ=="
      },
      "Microsoft.AspNetCore.Cryptography.KeyDerivation": {
        "type": "Transitive",
        "resolved": "11.0.0-preview.7.26381.103",
        "contentHash": "ZhJ+xYJ0Mpo29PSGOFWUrLK6XfmnYvZbn+nl/DRXUW1S7K7HsIV9vdROZ2/IkPUWVPjOGLAemdl3BW3/ZZhQAw==",
        "dependencies": {
          "Microsoft.AspNetCore.Cryptography.Internal": "11.0.0-preview.7.26381.103"
        }
      },
      "Microsoft.Extensions.Configuration.Binder": {
        "type": "Transitive",
        "resolved": "11.0.0-preview.7.26381.103",
        "contentHash": "oYFXD1QM7E+sHeFp5e2WiVHU0yrJ72ZA8Z3BONQsNNIhTjCYs1X6NrHGvCUSFre2NRt09cjUQNObwH8fyze4vA==",
        "dependencies": {
          "Microsoft.Extensions.Configuration": "11.0.0-preview.7.26381.103"
        }
      },
      "Microsoft.Extensions.Diagnostics": {
        "type": "Transitive",
        "resolved": "11.0.0-preview.7.26381.103",
        "contentHash": "JA9JjYASjlzaDsC248Hkc8HBYfQNwJTAqkAZCqKfqwqRZAiNm2NtFbBwiyxA5Vt0/tGHHXJCw3/aqc/Av8mkTw==",
        "dependencies": {
          "Microsoft.Extensions.Configuration": "11.0.0-preview.7.26381.103",
          "Microsoft.Extensions.Options.ConfigurationExtensions": "11.0.0-preview.7.26381.103"
        }
      },
      "Microsoft.Extensions.Logging": {
        "type": "Transitive",
        "resolved": "11.0.0-preview.7.26381.103",
        "contentHash": "VoYsG/1Gt7kpSeno7eUrnLKfusYZf9L8qSnYtMNh1ClwXKIfKU6+g+Lq23VeanJP2ieQyPBH0xtSzay8J7r9lQ==",
        "dependencies": {
          "Microsoft.Extensions.DependencyInjection": "11.0.0-preview.7.26381.103"
        }
      },
      "Microsoft.Extensions.Configuration": {
        "type": "CentralTransitive",
        "requested": "[11.0.0-preview.7.26381.103, )",
        "resolved": "11.0.0-preview.7.26381.103",
        "contentHash": "6YIdcM583agiVU/fJ/rANk7p55VDYnPfP46fB48VDJn9LrQ3J7Bib5kAQtCCsrW1IJv9fh7TkoiYYdcVps9F3A=="
      },
      "Microsoft.Extensions.DependencyInjection": {
        "type": "CentralTransitive",
        "requested": "[11.0.0-preview.7.26381.103, )",
        "resolved": "11.0.0-preview.7.26381.103",
        "contentHash": "IgS1YfEd2i0p/zY8ytcW1zaFR3ivC0M4Ce3JnpZoKpzK9MogNkHb9BZPqYtq0mDuCe2ouirh6058glgPxhwD8g=="
      },
      "Microsoft.Extensions.Options.ConfigurationExtensions": {
        "type": "CentralTransitive",
        "requested": "[11.0.0-preview.7.26381.103, )",
        "resolved": "11.0.0-preview.7.26381.103",
        "contentHash": "nkheyD5iwoPvfUFOQMrGhNA5GAjP39OsMGRyUyiSxQ6hx4Rod8FDcGo7wgU5HAONzJOqXIr+cNZgrPRRF0ChAA==",
        "dependencies": {
          "Microsoft.Extensions.Configuration.Binder": "11.0.0-preview.7.26381.103"
        }
      }
    }
  }
}
